
Microsoft Visual Studio Solution File, Format Version 12.00
# Visual Studio Version 16
VisualStudioVersion = 16.0.31005.135
MinimumVisualStudioVersion = 10.0.40219.1
Project("{FAE04EC0-301F-11D3-BF4B-00C04F79EFBC}") = "Create-Now", "Create-Now.csproj", "{D6A26BE6-F4AE-493F-B7F5-1AAD2E6B474A}"
EndProject
Global
	GlobalSection(SolutionConfigurationPlatforms) = preSolution
		Debug|Any CPU = Debug|Any CPU
		Release|Any CPU = Release|Any CPU
	EndGlobalSection
	GlobalSection(ProjectConfigurationPlatforms) = postSolution
		{D6A26BE6-F4AE-493F-B7F5-1AAD2E6B474A}.Debug|Any CPU.ActiveCfg = Debug|Any CPU
		{D6A26BE6-F4AE-493F-B7F5-1AAD2E6B474A}.Debug|Any CPU.Build.0 = Debug|Any CPU
		{D6A26BE6-F4AE-493F-B7F5-1AAD2E6B474A}.Release|Any CPU.ActiveCfg = Release|Any CPU
		{D6A26BE6-F4AE-493F-B7F5-1AAD2E6B474A}.Release|Any CPU.Build.0 = Release|Any CPU
	EndGlobalSection
	GlobalSection(SolutionProperties) = preSolution
		HideSolutionNode = FALSE
	EndGlobalSection
	GlobalSection(ExtensibilityGlobals) = postSolution
		SolutionGuid = {AB4F27CD-E982-48FB-8BFF-44ED4A9906DA}
	EndGlobalSection
EndGlobal
